
Microsoft Visual Studio Solution File, Format Version 12.00
# Visual Studio Version 17
VisualStudioVersion = 17.14.36623.8 d17.14
MinimumVisualStudioVersion = 10.0.40219.1
Project("{8BC9CEB8-8B4A-11D0-8D11-00A0C91BC942}") = "레포트4 3차원 벡터 외적 및 내적 계산 프로그램", "레포트4 3차원 벡터 외적 및 내적 계산 프로그램\레포트4 3차원 벡터 외적 및 내적 계산 프로그램.vcxproj", "{EB55E00A-5265-4AE2-99AF-436BCEFC1491}"
EndProject
Global
	GlobalSection(SolutionConfigurationPlatforms) = preSolution
		Debug|x64 = Debug|x64
		Debug|x86 = Debug|x86
		Release|x64 = Release|x64
		Release|x86 = Release|x86
	EndGlobalSection
	GlobalSection(ProjectConfigurationPlatforms) = postSolution
		{EB55E00A-5265-4AE2-99AF-436BCEFC1491}.Debug|x64.ActiveCfg = Debug|x64
		{EB55E00A-5265-4AE2-99AF-436BCEFC1491}.Debug|x64.Build.0 = Debug|x64
		{EB55E00A-5265-4AE2-99AF-436BCEFC1491}.Debug|x86.ActiveCfg = Debug|Win32
		{EB55E00A-5265-4AE2-99AF-436BCEFC1491}.Debug|x86.Build.0 = Debug|Win32
		{EB55E00A-5265-4AE2-99AF-436BCEFC1491}.Release|x64.ActiveCfg = Release|x64
		{EB55E00A-5265-4AE2-99AF-436BCEFC1491}.Release|x64.Build.0 = Release|x64
		{EB55E00A-5265-4AE2-99AF-436BCEFC1491}.Release|x86.ActiveCfg = Release|Win32
		{EB55E00A-5265-4AE2-99AF-436BCEFC1491}.Release|x86.Build.0 = Release|Win32
	EndGlobalSection
	GlobalSection(SolutionProperties) = preSolution
		HideSolutionNode = FALSE
	EndGlobalSection
	GlobalSection(ExtensibilityGlobals) = postSolution
		SolutionGuid = {0A2E6F31-D0DE-43A3-B07D-61E61F0DFB80}
	EndGlobalSection
EndGlobal
